dependencies:
- name: registry_opa_policies
  repository: file://../registry_opa_policies
  version: 0.1.0
- name: common
  repository: https://keshavprasadms.github.io/sunbird-helmchart-templates
  version: 0.1.0
digest: sha256:7eb4a43a946fc282dbdf6d3cb15f1326788f81d2b4250319e1ade3dac87d5608
generated: "2023-03-16T12:42:27.546359406+05:30"
